
Microsoft Visual Studio Solution File, Format Version 12.00
# Visual Studio Version 17
VisualStudioVersion = 17.6.33829.357
MinimumVisualStudioVersion = 10.0.40219.1
Project("{9A19103F-16F7-4668-BE54-9A1E7A4F7556}") = "Retry", "Retry\Retry.csproj", "{28F37CF7-4EC0-410A-9870-D58A7E3F3C51}"
EndProject
Project("{9A19103F-16F7-4668-BE54-9A1E7A4F7556}") = "Api", "Api\Api.csproj", "{730234B1-3E9C-4393-872C-B162B176005D}"
EndProject
Project("{FAE04EC0-301F-11D3-BF4B-00C04F79EFBC}") = "ApiClient", "ApiClient\ApiClient.csproj", "{A9EC6689-2BEA-419C-A793-72D3F994D75E}"
EndProject
Global
	GlobalSection(SolutionConfigurationPlatforms) = preSolution
		Debug|Any CPU = Debug|Any CPU
		Release|Any CPU = Release|Any CPU
	EndGlobalSection
	GlobalSection(ProjectConfigurationPlatforms) = postSolution
		{28F37CF7-4EC0-410A-9870-D58A7E3F3C51}.Debug|Any CPU.ActiveCfg = Debug|Any CPU
		{28F37CF7-4EC0-410A-9870-D58A7E3F3C51}.Debug|Any CPU.Build.0 = Debug|Any CPU
		{28F37CF7-4EC0-410A-9870-D58A7E3F3C51}.Release|Any CPU.ActiveCfg = Release|Any CPU
		{28F37CF7-4EC0-410A-9870-D58A7E3F3C51}.Release|Any CPU.Build.0 = Release|Any CPU
		{730234B1-3E9C-4393-872C-B162B176005D}.Debug|Any CPU.ActiveCfg = Debug|Any CPU
		{730234B1-3E9C-4393-872C-B162B176005D}.Debug|Any CPU.Build.0 = Debug|Any CPU
		{730234B1-3E9C-4393-872C-B162B176005D}.Release|Any CPU.ActiveCfg = Release|Any CPU
		{730234B1-3E9C-4393-872C-B162B176005D}.Release|Any CPU.Build.0 = Release|Any CPU
		{A9EC6689-2BEA-419C-A793-72D3F994D75E}.Debug|Any CPU.ActiveCfg = Debug|Any CPU
		{A9EC6689-2BEA-419C-A793-72D3F994D75E}.Debug|Any CPU.Build.0 = Debug|Any CPU
		{A9EC6689-2BEA-419C-A793-72D3F994D75E}.Release|Any CPU.ActiveCfg = Release|Any CPU
		{A9EC6689-2BEA-419C-A793-72D3F994D75E}.Release|Any CPU.Build.0 = Release|Any CPU
	EndGlobalSection
	GlobalSection(SolutionProperties) = preSolution
		HideSolutionNode = FALSE
	EndGlobalSection
	GlobalSection(ExtensibilityGlobals) = postSolution
		SolutionGuid = {8AD477C8-5BDE-45A1-9EEB-5FF24F99FD85}
	EndGlobalSection
EndGlobal
